
Microsoft Visual Studio Solution File, Format Version 12.00
# Visual Studio Version 16
VisualStudioVersion = 16.0.31624.102
MinimumVisualStudioVersion = 10.0.40219.1
Project("{FAE04EC0-301F-11D3-BF4B-00C04F79EFBC}") = "CalculatorLibrary", "CalculatorLibrary\CalculatorLibrary.csproj", "{0FC1900D-B51F-4FD8-AAD5-9629535F4F92}"
EndProject
Global
	GlobalSection(SolutionConfigurationPlatforms) = preSolution
		Debug|Any CPU = Debug|Any CPU
		Release|Any CPU = Release|Any CPU
	EndGlobalSection
	GlobalSection(ProjectConfigurationPlatforms) = postSolution
		{0FC1900D-B51F-4FD8-AAD5-9629535F4F92}.Debug|Any CPU.ActiveCfg = Debug|Any CPU
		{0FC1900D-B51F-4FD8-AAD5-9629535F4F92}.Debug|Any CPU.Build.0 = Debug|Any CPU
		{0FC1900D-B51F-4FD8-AAD5-9629535F4F92}.Release|Any CPU.ActiveCfg = Release|Any CPU
		{0FC1900D-B51F-4FD8-AAD5-9629535F4F92}.Release|Any CPU.Build.0 = Release|Any CPU
	EndGlobalSection
	GlobalSection(SolutionProperties) = preSolution
		HideSolutionNode = FALSE
	EndGlobalSection
	GlobalSection(ExtensibilityGlobals) = postSolution
		SolutionGuid = {FC108E9F-8A6B-4F1A-BA66-89820F18C5A0}
	EndGlobalSection
EndGlobal
